
Microsoft Visual Studio Solution File, Format Version 12.00
# Visual Studio Version 17
VisualStudioVersion = 17.3.32922.545
MinimumVisualStudioVersion = 10.0.40219.1
Project("{9A19103F-16F7-4668-BE54-9A1E7A4F7556}") = "EventPlanner", "EventPlanner\EventPlanner.csproj", "{F2EC7E5C-B898-40EB-900D-50EAAEF09C36}"
EndProject
Project("{FAE04EC0-301F-11D3-BF4B-00C04F79EFBC}") = "UserData_Access", "UserData_Access\UserData_Access.csproj", "{1E7211A3-6FBF-448C-8BAD-890871C0CD8B}"
EndProject
Project("{00D1A9C2-B5F0-4AF3-8072-F6C62B433612}") = "Database1", "Database1\Database1.sqlproj", "{FBDFA7B3-E656-4EE0-B632-0A8526B2E126}"
EndProject
Global
	GlobalSection(SolutionConfigurationPlatforms) = preSolution
		Debug|Any CPU = Debug|Any CPU
		Release|Any CPU = Release|Any CPU
	EndGlobalSection
	GlobalSection(ProjectConfigurationPlatforms) = postSolution
		{F2EC7E5C-B898-40EB-900D-50EAAEF09C36}.Debug|Any CPU.ActiveCfg = Debug|Any CPU
		{F2EC7E5C-B898-40EB-900D-50EAAEF09C36}.Debug|Any CPU.Build.0 = Debug|Any CPU
		{F2EC7E5C-B898-40EB-900D-50EAAEF09C36}.Release|Any CPU.ActiveCfg = Release|Any CPU
		{F2EC7E5C-B898-40EB-900D-50EAAEF09C36}.Release|Any CPU.Build.0 = Release|Any CPU
		{1E7211A3-6FBF-448C-8BAD-890871C0CD8B}.Debug|Any CPU.ActiveCfg = Debug|Any CPU
		{1E7211A3-6FBF-448C-8BAD-890871C0CD8B}.Debug|Any CPU.Build.0 = Debug|Any CPU
		{1E7211A3-6FBF-448C-8BAD-890871C0CD8B}.Release|Any CPU.ActiveCfg = Release|Any CPU
		{1E7211A3-6FBF-448C-8BAD-890871C0CD8B}.Release|Any CPU.Build.0 = Release|Any CPU
		{FBDFA7B3-E656-4EE0-B632-0A8526B2E126}.Debug|Any CPU.ActiveCfg = Debug|Any CPU
		{FBDFA7B3-E656-4EE0-B632-0A8526B2E126}.Debug|Any CPU.Build.0 = Debug|Any CPU
		{FBDFA7B3-E656-4EE0-B632-0A8526B2E126}.Debug|Any CPU.Deploy.0 = Debug|Any CPU
		{FBDFA7B3-E656-4EE0-B632-0A8526B2E126}.Release|Any CPU.ActiveCfg = Release|Any CPU
		{FBDFA7B3-E656-4EE0-B632-0A8526B2E126}.Release|Any CPU.Build.0 = Release|Any CPU
		{FBDFA7B3-E656-4EE0-B632-0A8526B2E126}.Release|Any CPU.Deploy.0 = Release|Any CPU
	EndGlobalSection
	GlobalSection(SolutionProperties) = preSolution
		HideSolutionNode = FALSE
	EndGlobalSection
	GlobalSection(ExtensibilityGlobals) = postSolution
		SolutionGuid = {BE91603B-76C4-4F40-8086-57FB5E2AC7C3}
	EndGlobalSection
EndGlobal
